
Microsoft Visual Studio Solution File, Format Version 12.00
# Visual Studio Version 16
VisualStudioVersion = 16.0.29306.81
MinimumVisualStudioVersion = 10.0.40219.1
Project("{9A19103F-16F7-4668-BE54-9A1E7A4F7556}") = "UCCX_API_Testing", "UCCX_API_Testing\UCCX_API_Testing.csproj", "{3EA13816-9089-49CC-8368-A0B84D891760}"
EndProject
Global
	GlobalSection(SolutionConfigurationPlatforms) = preSolution
		Debug|Any CPU = Debug|Any CPU
		Release|Any CPU = Release|Any CPU
	EndGlobalSection
	GlobalSection(ProjectConfigurationPlatforms) = postSolution
		{3EA13816-9089-49CC-8368-A0B84D891760}.Debug|Any CPU.ActiveCfg = Debug|Any CPU
		{3EA13816-9089-49CC-8368-A0B84D891760}.Debug|Any CPU.Build.0 = Debug|Any CPU
		{3EA13816-9089-49CC-8368-A0B84D891760}.Release|Any CPU.ActiveCfg = Release|Any CPU
		{3EA13816-9089-49CC-8368-A0B84D891760}.Release|Any CPU.Build.0 = Release|Any CPU
	EndGlobalSection
	GlobalSection(SolutionProperties) = preSolution
		HideSolutionNode = FALSE
	EndGlobalSection
	GlobalSection(ExtensibilityGlobals) = postSolution
		SolutionGuid = {42A35571-696D-4B76-BC0A-93E0FC901036}
	EndGlobalSection
EndGlobal
